// !$*UTF8*$!
{
	archiveVersion = 1;
	classes = {
	};
	objectVersion = 77;
	objects = {

/* Begin PBXBuildFile section */
		0900C81982699A3561EE6CF3 /* AppSettings.swift in Sources */ = {isa = PBXBuildFile; fileRef = AE65A203244AAB2D309D0262 /* AppSettings.swift */; };
		0B615E6AED746BA840DE4BA8 /* WrapUpForm.swift in Sources */ = {isa = PBXBuildFile; fileRef = 2688D7280A1EC4CA87D15AC8 /* WrapUpForm.swift */; };
		2C33773E5351A9CE869ECF59 /* HistoryView.swift in Sources */ = {isa = PBXBuildFile; fileRef = EED609C0C867BB844C70DA55 /* HistoryView.swift */; };
		3B08B3A7215A6FAB976576EB /* WorkHours.swift in Sources */ = {isa = PBXBuildFile; fileRef = 21D658074F07FC7A3FB2B83B /* WorkHours.swift */; };
		45595D001E2A3A4E9F40646C /* AppModel.swift in Sources */ = {isa = PBXBuildFile; fileRef = 7789D46B0CA7D6869F36075F /* AppModel.swift */; };
		50CDF7093002594600BD1B91 /* AppIcon.icon in Resources */ = {isa = PBXBuildFile; fileRef = 50CDF7083002594600BD1B91 /* AppIcon.icon */; };
		701CDFE9F925ECB6D1AD2778 /* TimeTrackerApp.swift in Sources */ = {isa = PBXBuildFile; fileRef = B173286388839F33C3FAA564 /* TimeTrackerApp.swift */; };
		A91D6CDDED7882548E641E7E /* TrackingController.swift in Sources */ = {isa = PBXBuildFile; fileRef = 71CD0429F6273AD0D74A1570 /* TrackingController.swift */; };
		AABF4901C8375D49CB065118 /* WorkSchedule.swift in Sources */ = {isa = PBXBuildFile; fileRef = B91B7B0092B4596E231A58AB /* WorkSchedule.swift */; };
		B50BD1D8D77BFC4B0286085E /* LoginItem.swift in Sources */ = {isa = PBXBuildFile; fileRef = B8196A94A20307BFCFDEA52F /* LoginItem.swift */; };
		B69C85394D0F58DBE3BABDD6 /* MenuBarContentView.swift in Sources */ = {isa = PBXBuildFile; fileRef = 32C36FF41A16F3ABF1D997E7 /* MenuBarContentView.swift */; };
		CEAEE3EFBC5B82F946219774 /* NudgeScheduler.swift in Sources */ = {isa = PBXBuildFile; fileRef = 1C4F68E352A6E6CDCDA34E7A /* NudgeScheduler.swift */; };
		2B3C4D5E6F708192A3B4C5D6 /* NotificationRouter.swift in Sources */ = {isa = PBXBuildFile; fileRef = 1A2B3C4D5E6F708192A3B4C5 /* NotificationRouter.swift */; };
		4D5E6F708192A3B4C5D6E7F8 /* SessionMonitor.swift in Sources */ = {isa = PBXBuildFile; fileRef = 3C4D5E6F708192A3B4C5D6E7 /* SessionMonitor.swift */; };
		D73662FBB6D9C334B3273A2E /* SettingsView.swift in Sources */ = {isa = PBXBuildFile; fileRef = E5E6C3CF40AA1A1ED7E12EEF /* SettingsView.swift */; };
		ED0CD3B09DB0CF5AB40932D3 /* Assets.xcassets in Resources */ = {isa = PBXBuildFile; fileRef = 943B4D377432DA396308BDAB /* Assets.xcassets */; };
		F88C5FBBE3EEC24CFB1EF6EB /* StarRating.swift in Sources */ = {isa = PBXBuildFile; fileRef = C3C2A4E8B4985D4EC1B5FE70 /* StarRating.swift */; };
		FE6DB63EE18FEF2739EDF31F /* TimeEntry.swift in Sources */ = {isa = PBXBuildFile; fileRef = 079E4EE3710D229304251229 /* TimeEntry.swift */; };
		9C3D4E5F60718293A4B5C6D7 /* KeyboardShortcuts in Frameworks */ = {isa = PBXBuildFile; productRef = 8B2C3D4E5F60718293A4B5C6 /* KeyboardShortcuts */; };
		CF60718293A4B5C6D7E8F90A /* QuickPanelController.swift in Sources */ = {isa = PBXBuildFile; fileRef = BE5F60718293A4B5C6D7E8F9 /* QuickPanelController.swift */; };
		E18293A4C5D6E7F8091A2B3C /* QuickPanelView.swift in Sources */ = {isa = PBXBuildFile; fileRef = D0718293A4B5C6D7E8F90A1B /* QuickPanelView.swift */; };
/* End PBXBuildFile section */

/* Begin PBXFileReference section */
		079E4EE3710D229304251229 /* TimeEntry.swift */ = {isa = PBXFileReference; lastKnownFileType = sourcecode.swift; path = TimeEntry.swift; sourceTree = "<group>"; };
		1C4F68E352A6E6CDCDA34E7A /* NudgeScheduler.swift */ = {isa = PBXFileReference; lastKnownFileType = sourcecode.swift; path = NudgeScheduler.swift; sourceTree = "<group>"; };
		1A2B3C4D5E6F708192A3B4C5 /* NotificationRouter.swift */ = {isa = PBXFileReference; lastKnownFileType = sourcecode.swift; path = NotificationRouter.swift; sourceTree = "<group>"; };
		3C4D5E6F708192A3B4C5D6E7 /* SessionMonitor.swift */ = {isa = PBXFileReference; lastKnownFileType = sourcecode.swift; path = SessionMonitor.swift; sourceTree = "<group>"; };
		21D658074F07FC7A3FB2B83B /* WorkHours.swift */ = {isa = PBXFileReference; lastKnownFileType = sourcecode.swift; path = WorkHours.swift; sourceTree = "<group>"; };
		2688D7280A1EC4CA87D15AC8 /* WrapUpForm.swift */ = {isa = PBXFileReference; lastKnownFileType = sourcecode.swift; path = WrapUpForm.swift; sourceTree = "<group>"; };
		32C36FF41A16F3ABF1D997E7 /* MenuBarContentView.swift */ = {isa = PBXFileReference; lastKnownFileType = sourcecode.swift; path = MenuBarContentView.swift; sourceTree = "<group>"; };
		50CDF7083002594600BD1B91 /* AppIcon.icon */ = {isa = PBXFileReference; lastKnownFileType = folder.iconcomposer.icon; path = AppIcon.icon; sourceTree = "<group>"; };
		71CD0429F6273AD0D74A1570 /* TrackingController.swift */ = {isa = PBXFileReference; lastKnownFileType = sourcecode.swift; path = TrackingController.swift; sourceTree = "<group>"; };
		7789D46B0CA7D6869F36075F /* AppModel.swift */ = {isa = PBXFileReference; lastKnownFileType = sourcecode.swift; path = AppModel.swift; sourceTree = "<group>"; };
		943B4D377432DA396308BDAB /* Assets.xcassets */ = {isa = PBXFileReference; lastKnownFileType = folder.assetcatalog; path = Assets.xcassets; sourceTree = "<group>"; };
		A5474E4E0BCDFAF982ABA880 /* TimeTracker.app */ = {isa = PBXFileReference; explicitFileType = wrapper.application; includeInIndex = 0; path = TimeTracker.app; sourceTree = BUILT_PRODUCTS_DIR; };
		AE65A203244AAB2D309D0262 /* AppSettings.swift */ = {isa = PBXFileReference; lastKnownFileType = sourcecode.swift; path = AppSettings.swift; sourceTree = "<group>"; };
		B173286388839F33C3FAA564 /* TimeTrackerApp.swift */ = {isa = PBXFileReference; lastKnownFileType = sourcecode.swift; path = TimeTrackerApp.swift; sourceTree = "<group>"; };
		B8196A94A20307BFCFDEA52F /* LoginItem.swift */ = {isa = PBXFileReference; lastKnownFileType = sourcecode.swift; path = LoginItem.swift; sourceTree = "<group>"; };
		B91B7B0092B4596E231A58AB /* WorkSchedule.swift */ = {isa = PBXFileReference; lastKnownFileType = sourcecode.swift; path = WorkSchedule.swift; sourceTree = "<group>"; };
		C3C2A4E8B4985D4EC1B5FE70 /* StarRating.swift */ = {isa = PBXFileReference; lastKnownFileType = sourcecode.swift; path = StarRating.swift; sourceTree = "<group>"; };
		E5E6C3CF40AA1A1ED7E12EEF /* SettingsView.swift */ = {isa = PBXFileReference; lastKnownFileType = sourcecode.swift; path = SettingsView.swift; sourceTree = "<group>"; };
		EED609C0C867BB844C70DA55 /* HistoryView.swift */ = {isa = PBXFileReference; lastKnownFileType = sourcecode.swift; path = HistoryView.swift; sourceTree = "<group>"; };
		BE5F60718293A4B5C6D7E8F9 /* QuickPanelController.swift */ = {isa = PBXFileReference; lastKnownFileType = sourcecode.swift; path = QuickPanelController.swift; sourceTree = "<group>"; };
		D0718293A4B5C6D7E8F90A1B /* QuickPanelView.swift */ = {isa = PBXFileReference; lastKnownFileType = sourcecode.swift; path = QuickPanelView.swift; sourceTree = "<group>"; };
/* End PBXFileReference section */

/* Begin PBXFrameworksBuildPhase section */
		AD4E5F60718293A4B5C6D7E8 /* Frameworks */ = {
			isa = PBXFrameworksBuildPhase;
			buildActionMask = 2147483647;
			files = (
				9C3D4E5F60718293A4B5C6D7 /* KeyboardShortcuts in Frameworks */,
			);
			runOnlyForDeploymentPostprocessing = 0;
		};
/* End PBXFrameworksBuildPhase section */

/* Begin PBXGroup section */
		05A133EDB93358386B71DC81 /* Products */ = {
			isa = PBXGroup;
			children = (
				A5474E4E0BCDFAF982ABA880 /* TimeTracker.app */,
			);
			name = Products;
			sourceTree = "<group>";
		};
		23A04BA123C3A848B2DF118C /* TimeTracker */ = {
			isa = PBXGroup;
			children = (
				50CDF7083002594600BD1B91 /* AppIcon.icon */,
				943B4D377432DA396308BDAB /* Assets.xcassets */,
				B173286388839F33C3FAA564 /* TimeTrackerApp.swift */,
				3A1F9AB2B69CB4588D1F65B7 /* Models */,
				63C732C477280C804FAC120B /* Services */,
				DE45CD831E519A4C64683C04 /* Views */,
			);
			path = TimeTracker;
			sourceTree = "<group>";
		};
		37D66370DC196F67598746FF = {
			isa = PBXGroup;
			children = (
				23A04BA123C3A848B2DF118C /* TimeTracker */,
				05A133EDB93358386B71DC81 /* Products */,
			);
			sourceTree = "<group>";
		};
		3A1F9AB2B69CB4588D1F65B7 /* Models */ = {
			isa = PBXGroup;
			children = (
				AE65A203244AAB2D309D0262 /* AppSettings.swift */,
				079E4EE3710D229304251229 /* TimeEntry.swift */,
				B91B7B0092B4596E231A58AB /* WorkSchedule.swift */,
			);
			path = Models;
			sourceTree = "<group>";
		};
		63C732C477280C804FAC120B /* Services */ = {
			isa = PBXGroup;
			children = (
				7789D46B0CA7D6869F36075F /* AppModel.swift */,
				B8196A94A20307BFCFDEA52F /* LoginItem.swift */,
				1A2B3C4D5E6F708192A3B4C5 /* NotificationRouter.swift */,
				1C4F68E352A6E6CDCDA34E7A /* NudgeScheduler.swift */,
				BE5F60718293A4B5C6D7E8F9 /* QuickPanelController.swift */,
				3C4D5E6F708192A3B4C5D6E7 /* SessionMonitor.swift */,
				71CD0429F6273AD0D74A1570 /* TrackingController.swift */,
				21D658074F07FC7A3FB2B83B /* WorkHours.swift */,
			);
			path = Services;
			sourceTree = "<group>";
		};
		8797629D98770CD9F6E4E440 /* Components */ = {
			isa = PBXGroup;
			children = (
				C3C2A4E8B4985D4EC1B5FE70 /* StarRating.swift */,
			);
			path = Components;
			sourceTree = "<group>";
		};
		DE45CD831E519A4C64683C04 /* Views */ = {
			isa = PBXGroup;
			children = (
				EED609C0C867BB844C70DA55 /* HistoryView.swift */,
				32C36FF41A16F3ABF1D997E7 /* MenuBarContentView.swift */,
				D0718293A4B5C6D7E8F90A1B /* QuickPanelView.swift */,
				E5E6C3CF40AA1A1ED7E12EEF /* SettingsView.swift */,
				2688D7280A1EC4CA87D15AC8 /* WrapUpForm.swift */,
				8797629D98770CD9F6E4E440 /* Components */,
			);
			path = Views;
			sourceTree = "<group>";
		};
/* End PBXGroup section */

/* Begin PBXNativeTarget section */
		A2D8167A412AA3624C293EE7 /* TimeTracker */ = {
			isa = PBXNativeTarget;
			buildConfigurationList = F77AABD9D94F31297D9AFBDF /* Build configuration list for PBXNativeTarget "TimeTracker" */;
			buildPhases = (
				578AA88EABA6854EB589F889 /* Sources */,
				AD4E5F60718293A4B5C6D7E8 /* Frameworks */,
				FDC7E62DB5D8B923924844BD /* Resources */,
			);
			buildRules = (
			);
			dependencies = (
			);
			name = TimeTracker;
			packageProductDependencies = (
				8B2C3D4E5F60718293A4B5C6 /* KeyboardShortcuts */,
			);
			productName = TimeTracker;
			productReference = A5474E4E0BCDFAF982ABA880 /* TimeTracker.app */;
			productType = "com.apple.product-type.application";
		};
/* End PBXNativeTarget section */

/* Begin PBXProject section */
		0ABDC2A596C9BAAF0F20A631 /* Project object */ = {
			isa = PBXProject;
			attributes = {
				BuildIndependentTargetsInParallel = YES;
				LastUpgradeCheck = 1430;
				TargetAttributes = {
					A2D8167A412AA3624C293EE7 = {
						ProvisioningStyle = Automatic;
					};
				};
			};
			buildConfigurationList = CA02C8256257C68402D03771 /* Build configuration list for PBXProject "TimeTracker" */;
			developmentRegion = en;
			hasScannedForEncodings = 0;
			knownRegions = (
				Base,
				en,
			);
			mainGroup = 37D66370DC196F67598746FF;
			minimizedProjectReferenceProxies = 1;
			packageReferences = (
				7A1B2C3D4E5F60718293A4B5 /* XCRemoteSwiftPackageReference "KeyboardShortcuts" */,
			);
			preferredProjectObjectVersion = 77;
			productRefGroup = 05A133EDB93358386B71DC81 /* Products */;
			projectDirPath = "";
			projectRoot = "";
			targets = (
				A2D8167A412AA3624C293EE7 /* TimeTracker */,
			);
		};
/* End PBXProject section */

/* Begin PBXResourcesBuildPhase section */
		FDC7E62DB5D8B923924844BD /* Resources */ = {
			isa = PBXResourcesBuildPhase;
			buildActionMask = 2147483647;
			files = (
				ED0CD3B09DB0CF5AB40932D3 /* Assets.xcassets in Resources */,
				50CDF7093002594600BD1B91 /* AppIcon.icon in Resources */,
			);
			runOnlyForDeploymentPostprocessing = 0;
		};
/* End PBXResourcesBuildPhase section */

/* Begin PBXSourcesBuildPhase section */
		578AA88EABA6854EB589F889 /* Sources */ = {
			isa = PBXSourcesBuildPhase;
			buildActionMask = 2147483647;
			files = (
				45595D001E2A3A4E9F40646C /* AppModel.swift in Sources */,
				0900C81982699A3561EE6CF3 /* AppSettings.swift in Sources */,
				2C33773E5351A9CE869ECF59 /* HistoryView.swift in Sources */,
				B50BD1D8D77BFC4B0286085E /* LoginItem.swift in Sources */,
				B69C85394D0F58DBE3BABDD6 /* MenuBarContentView.swift in Sources */,
				2B3C4D5E6F708192A3B4C5D6 /* NotificationRouter.swift in Sources */,
				CEAEE3EFBC5B82F946219774 /* NudgeScheduler.swift in Sources */,
				4D5E6F708192A3B4C5D6E7F8 /* SessionMonitor.swift in Sources */,
				CF60718293A4B5C6D7E8F90A /* QuickPanelController.swift in Sources */,
				E18293A4C5D6E7F8091A2B3C /* QuickPanelView.swift in Sources */,
				D73662FBB6D9C334B3273A2E /* SettingsView.swift in Sources */,
				F88C5FBBE3EEC24CFB1EF6EB /* StarRating.swift in Sources */,
				FE6DB63EE18FEF2739EDF31F /* TimeEntry.swift in Sources */,
				701CDFE9F925ECB6D1AD2778 /* TimeTrackerApp.swift in Sources */,
				A91D6CDDED7882548E641E7E /* TrackingController.swift in Sources */,
				3B08B3A7215A6FAB976576EB /* WorkHours.swift in Sources */,
				AABF4901C8375D49CB065118 /* WorkSchedule.swift in Sources */,
				0B615E6AED746BA840DE4BA8 /* WrapUpForm.swift in Sources */,
			);
			runOnlyForDeploymentPostprocessing = 0;
		};
/* End PBXSourcesBuildPhase section */

/* Begin XCBuildConfiguration section */
		67FBDD31C4A3CD8AEA922CC6 /* Debug */ = {
			isa = XCBuildConfiguration;
			buildSettings = {
				ALWAYS_SEARCH_USER_PATHS = NO;
				ASSETCATALOG_COMPILER_APPICON_NAME = AppIcon;
				CLANG_ANALYZER_NONNULL = YES;
				CLANG_ANALYZER_NUMBER_OBJECT_CONVERSION = YES_AGGRESSIVE;
				CLANG_CXX_LANGUAGE_STANDARD = "gnu++14";
				CLANG_CXX_LIBRARY = "libc++";
				CLANG_ENABLE_MODULES = YES;
				CLANG_ENABLE_OBJC_ARC = YES;
				CLANG_ENABLE_OBJC_WEAK = YES;
				CLANG_WARN_BLOCK_CAPTURE_AUTORELEASING = YES;
				CLANG_WARN_BOOL_CONVERSION = YES;
				CLANG_WARN_COMMA = YES;
				CLANG_WARN_CONSTANT_CONVERSION = YES;
				CLANG_WARN_DEPRECATED_OBJC_IMPLEMENTATIONS = YES;
				CLANG_WARN_DIRECT_OBJC_ISA_USAGE = YES_ERROR;
				CLANG_WARN_DOCUMENTATION_COMMENTS = YES;
				CLANG_WARN_EMPTY_BODY = YES;
				CLANG_WARN_ENUM_CONVERSION = YES;
				CLANG_WARN_INFINITE_RECURSION = YES;
				CLANG_WARN_INT_CONVERSION = YES;
				CLANG_WARN_NON_LITERAL_NULL_CONVERSION = YES;
				CLANG_WARN_OBJC_IMPLICIT_RETAIN_SELF = YES;
				CLANG_WARN_OBJC_LITERAL_CONVERSION = YES;
				CLANG_WARN_OBJC_ROOT_CLASS = YES_ERROR;
				CLANG_WARN_QUOTED_INCLUDE_IN_FRAMEWORK_HEADER = YES;
				CLANG_WARN_RANGE_LOOP_ANALYSIS = YES;
				CLANG_WARN_STRICT_PROTOTYPES = YES;
				CLANG_WARN_SUSPICIOUS_MOVE = YES;
				CLANG_WARN_UNGUARDED_AVAILABILITY = YES_AGGRESSIVE;
				CLANG_WARN_UNREACHABLE_CODE = YES;
				CLANG_WARN__DUPLICATE_METHOD_MATCH = YES;
				CODE_SIGN_ENTITLEMENTS = TimeTracker/TimeTracker.entitlements;
				CODE_SIGN_STYLE = Automatic;
				COPY_PHASE_STRIP = NO;
				CURRENT_PROJECT_VERSION = 3;
				DEBUG_INFORMATION_FORMAT = dwarf;
				ENABLE_HARDENED_RUNTIME = YES;
				ENABLE_STRICT_OBJC_MSGSEND = YES;
				ENABLE_TESTABILITY = YES;
				GCC_C_LANGUAGE_STANDARD = gnu11;
				GCC_DYNAMIC_NO_PIC = NO;
				GCC_NO_COMMON_BLOCKS = YES;
				GCC_OPTIMIZATION_LEVEL = 0;
				GCC_PREPROCESSOR_DEFINITIONS = (
					"$(inherited)",
					"DEBUG=1",
				);
				GCC_WARN_64_TO_32_BIT_CONVERSION = YES;
				GCC_WARN_ABOUT_RETURN_TYPE = YES_ERROR;
				GCC_WARN_UNDECLARED_SELECTOR = YES;
				GCC_WARN_UNINITIALIZED_AUTOS = YES_AGGRESSIVE;
				GCC_WARN_UNUSED_FUNCTION = YES;
				GCC_WARN_UNUSED_VARIABLE = YES;
				GENERATE_INFOPLIST_FILE = NO;
				INFOPLIST_FILE = TimeTracker/Info.plist;
				MACOSX_DEPLOYMENT_TARGET = 14.0;
				MARKETING_VERSION = 0.1.2;
				MTL_ENABLE_DEBUG_INFO = INCLUDE_SOURCE;
				MTL_FAST_MATH = YES;
				ONLY_ACTIVE_ARCH = YES;
				PRODUCT_BUNDLE_IDENTIFIER = com.yedhu.TimeTracker;
				PRODUCT_NAME = TimeTracker;
				SDKROOT = macosx;
				SWIFT_ACTIVE_COMPILATION_CONDITIONS = DEBUG;
				SWIFT_OPTIMIZATION_LEVEL = "-Onone";
				SWIFT_VERSION = 5.0;
			};
			name = Debug;
		};
		B10096AAAB51DDA48B1D3A6C /* Release */ = {
			isa = XCBuildConfiguration;
			buildSettings = {
				ALWAYS_SEARCH_USER_PATHS = NO;
				ASSETCATALOG_COMPILER_APPICON_NAME = AppIcon;
				CLANG_ANALYZER_NONNULL = YES;
				CLANG_ANALYZER_NUMBER_OBJECT_CONVERSION = YES_AGGRESSIVE;
				CLANG_CXX_LANGUAGE_STANDARD = "gnu++14";
				CLANG_CXX_LIBRARY = "libc++";
				CLANG_ENABLE_MODULES = YES;
				CLANG_ENABLE_OBJC_ARC = YES;
				CLANG_ENABLE_OBJC_WEAK = YES;
				CLANG_WARN_BLOCK_CAPTURE_AUTORELEASING = YES;
				CLANG_WARN_BOOL_CONVERSION = YES;
				CLANG_WARN_COMMA = YES;
				CLANG_WARN_CONSTANT_CONVERSION = YES;
				CLANG_WARN_DEPRECATED_OBJC_IMPLEMENTATIONS = YES;
				CLANG_WARN_DIRECT_OBJC_ISA_USAGE = YES_ERROR;
				CLANG_WARN_DOCUMENTATION_COMMENTS = YES;
				CLANG_WARN_EMPTY_BODY = YES;
				CLANG_WARN_ENUM_CONVERSION = YES;
				CLANG_WARN_INFINITE_RECURSION = YES;
				CLANG_WARN_INT_CONVERSION = YES;
				CLANG_WARN_NON_LITERAL_NULL_CONVERSION = YES;
				CLANG_WARN_OBJC_IMPLICIT_RETAIN_SELF = YES;
				CLANG_WARN_OBJC_LITERAL_CONVERSION = YES;
				CLANG_WARN_OBJC_ROOT_CLASS = YES_ERROR;
				CLANG_WARN_QUOTED_INCLUDE_IN_FRAMEWORK_HEADER = YES;
				CLANG_WARN_RANGE_LOOP_ANALYSIS = YES;
				CLANG_WARN_STRICT_PROTOTYPES = YES;
				CLANG_WARN_SUSPICIOUS_MOVE = YES;
				CLANG_WARN_UNGUARDED_AVAILABILITY = YES_AGGRESSIVE;
				CLANG_WARN_UNREACHABLE_CODE = YES;
				CLANG_WARN__DUPLICATE_METHOD_MATCH = YES;
				CODE_SIGN_ENTITLEMENTS = TimeTracker/TimeTracker.entitlements;
				CODE_SIGN_STYLE = Automatic;
				COPY_PHASE_STRIP = NO;
				CURRENT_PROJECT_VERSION = 3;
				DEBUG_INFORMATION_FORMAT = "dwarf-with-dsym";
				ENABLE_HARDENED_RUNTIME = YES;
				ENABLE_NS_ASSERTIONS = NO;
				ENABLE_STRICT_OBJC_MSGSEND = YES;
				GCC_C_LANGUAGE_STANDARD = gnu11;
				GCC_NO_COMMON_BLOCKS = YES;
				GCC_WARN_64_TO_32_BIT_CONVERSION = YES;
				GCC_WARN_ABOUT_RETURN_TYPE = YES_ERROR;
				GCC_WARN_UNDECLARED_SELECTOR = YES;
				GCC_WARN_UNINITIALIZED_AUTOS = YES_AGGRESSIVE;
				GCC_WARN_UNUSED_FUNCTION = YES;
				GCC_WARN_UNUSED_VARIABLE = YES;
				GENERATE_INFOPLIST_FILE = NO;
				INFOPLIST_FILE = TimeTracker/Info.plist;
				MACOSX_DEPLOYMENT_TARGET = 14.0;
				MARKETING_VERSION = 0.1.2;
				MTL_ENABLE_DEBUG_INFO = NO;
				MTL_FAST_MATH = YES;
				PRODUCT_BUNDLE_IDENTIFIER = com.yedhu.TimeTracker;
				PRODUCT_NAME = TimeTracker;
				SDKROOT = macosx;
				SWIFT_COMPILATION_MODE = wholemodule;
				SWIFT_OPTIMIZATION_LEVEL = "-O";
				SWIFT_VERSION = 5.0;
			};
			name = Release;
		};
		BFE1C801457EAFCBCB13FC7D /* Debug */ = {
			isa = XCBuildConfiguration;
			buildSettings = {
				ASSETCATALOG_COMPILER_APPICON_NAME = AppIcon;
				"CODE_SIGN_IDENTITY[sdk=macosx*]" = "Apple Development";
				COMBINE_HIDPI_IMAGES = YES;
				DEVELOPMENT_TEAM = T7U7ZSM986;
				INFOPLIST_FILE = TimeTracker/Info.plist;
				INFOPLIST_KEY_LSApplicationCategoryType = "public.app-category.productivity";
				LD_RUNPATH_SEARCH_PATHS = (
					"$(inherited)",
					"@executable_path/../Frameworks",
				);
				SDKROOT = macosx;
			};
			name = Debug;
		};
		F6D3A37326A7571598C9955C /* Release */ = {
			isa = XCBuildConfiguration;
			buildSettings = {
				ASSETCATALOG_COMPILER_APPICON_NAME = AppIcon;
				"CODE_SIGN_IDENTITY[sdk=macosx*]" = "Apple Development";
				COMBINE_HIDPI_IMAGES = YES;
				DEVELOPMENT_TEAM = T7U7ZSM986;
				INFOPLIST_FILE = TimeTracker/Info.plist;
				INFOPLIST_KEY_LSApplicationCategoryType = "public.app-category.productivity";
				LD_RUNPATH_SEARCH_PATHS = (
					"$(inherited)",
					"@executable_path/../Frameworks",
				);
				SDKROOT = macosx;
			};
			name = Release;
		};
/* End XCBuildConfiguration section */

/* Begin XCConfigurationList section */
		CA02C8256257C68402D03771 /* Build configuration list for PBXProject "TimeTracker" */ = {
			isa = XCConfigurationList;
			buildConfigurations = (
				67FBDD31C4A3CD8AEA922CC6 /* Debug */,
				B10096AAAB51DDA48B1D3A6C /* Release */,
			);
			defaultConfigurationIsVisible = 0;
			defaultConfigurationName = Debug;
		};
		F77AABD9D94F31297D9AFBDF /* Build configuration list for PBXNativeTarget "TimeTracker" */ = {
			isa = XCConfigurationList;
			buildConfigurations = (
				BFE1C801457EAFCBCB13FC7D /* Debug */,
				F6D3A37326A7571598C9955C /* Release */,
			);
			defaultConfigurationIsVisible = 0;
			defaultConfigurationName = Debug;
		};
/* End XCConfigurationList section */

/* Begin XCRemoteSwiftPackageReference section */
		7A1B2C3D4E5F60718293A4B5 /* XCRemoteSwiftPackageReference "KeyboardShortcuts" */ = {
			isa = XCRemoteSwiftPackageReference;
			repositoryURL = "https://github.com/sindresorhus/KeyboardShortcuts";
			requirement = {
				kind = upToNextMajorVersion;
				minimumVersion = 2.0.0;
			};
		};
/* End XCRemoteSwiftPackageReference section */

/* Begin XCSwiftPackageProductDependency section */
		8B2C3D4E5F60718293A4B5C6 /* KeyboardShortcuts */ = {
			isa = XCSwiftPackageProductDependency;
			package = 7A1B2C3D4E5F60718293A4B5 /* XCRemoteSwiftPackageReference "KeyboardShortcuts" */;
			productName = KeyboardShortcuts;
		};
/* End XCSwiftPackageProductDependency section */
	};
	rootObject = 0ABDC2A596C9BAAF0F20A631 /* Project object */;
}
